schema: '2.0'
stages:
  download:
    cmd: python3 -m src.data.download_raw_dataset
    deps:
    - path: src/data/download_raw_dataset.py
      hash: md5
      md5: 810f4f307477b783266e99604b847e57
      size: 649
    outs:
    - path: data/raw/imdb.parquet
      hash: md5
      md5: 8ba8a331da61fbf65a154c374da782d1
      size: 25169132
  preprocess:
    cmd: python3 -m src.data.preprocess
    deps:
    - path: data/raw/imdb.parquet
      hash: md5
      md5: 8ba8a331da61fbf65a154c374da782d1
      size: 25169132
    - path: src/data/preprocess.py
      hash: md5
      md5: e9fa264b90afb474bc978829d7418721
      size: 1653
    outs:
    - path: data/interim/imdb_cleaned.parquet
      hash: md5
      md5: 9cfc888144a39e10dec196cbdc5b6105
      size: 25796289
  split:
    cmd: python3 -m src.data.split_data
    deps:
    - path: data/interim/imdb_cleaned.parquet
      hash: md5
      md5: 9cfc888144a39e10dec196cbdc5b6105
      size: 25796289
    - path: src/data/split_data.py
      hash: md5
      md5: f12e9152a8711991527d92ba0ad4e90b
      size: 1152
    outs:
    - path: data/processed/test.parquet
      hash: md5
      md5: db513c20ccdbdfb383ad666017ef8a1d
      size: 2602384
    - path: data/processed/train.parquet
      hash: md5
      md5: d03975d05ccd203ab32a5ec958e49ecc
      size: 18084502
    - path: data/processed/validation.parquet
      hash: md5
      md5: 778271b5e188f707859262f061ca1286
      size: 5109993
