schema: '2.0'
stages:
  download:
    cmd: python3 -m src.data.download_raw_dataset
    deps:
    - path: src/data/download_raw_dataset.py
      hash: md5
      md5: 619e2e4bfd59b76b47c663d69b9074a8
      size: 646
    outs:
    - path: data/raw/imdb.parquet
      hash: md5
      md5: 8ba8a331da61fbf65a154c374da782d1
      size: 25169132
  preprocess:
    cmd: python3 -m src.data.preprocess
    deps:
    - path: src/data/preprocess.py
      hash: md5
      md5: 749ace42011c402abc93ef0674cd7b82
      size: 1652
    outs:
    - path: data/interim/imdb_cleaned.parquet
      hash: md5
      md5: f590dd4d933118b0b5400cd29919d52a
      size: 25796817
  split:
    cmd: python3 -m src.data.split_data
    deps:
    - path: src/data/split_data.py
      hash: md5
      md5: f12e9152a8711991527d92ba0ad4e90b
      size: 1152
    outs:
    - path: data/processed/test.parquet
      hash: md5
      md5: b30581c44516976e51dd19044aaa5996
      size: 2569270
    - path: data/processed/train.parquet
      hash: md5
      md5: e834776ea35f7158a5cf976615ee7b31
      size: 18022750
    - path: data/processed/validation.parquet
      hash: md5
      md5: d7fe22d3d25c0e8d6da2aa5f09415c1b
      size: 5221118
